// !$*UTF8*$!
{
	archiveVersion = 1;
	classes = {
	};
	objectVersion = 56;
	objects = {

/* Begin PBXBuildFile section */
		C2FFF13A2A965DF300F7F25F /* NameRememberApp.swift in Sources */ = {isa = PBXBuildFile; fileRef = C2FFF1392A965DF300F7F25F /* NameRememberApp.swift */; };
		C2FFF13C2A965DF300F7F25F /* ContentView.swift in Sources */ = {isa = PBXBuildFile; fileRef = C2FFF13B2A965DF300F7F25F /* ContentView.swift */; };
		C2FFF13E2A965DF500F7F25F /* Assets.xcassets in Resources */ = {isa = PBXBuildFile; fileRef = C2FFF13D2A965DF500F7F25F /* Assets.xcassets */; };
		C2FFF1412A965DF500F7F25F /* Preview Assets.xcassets in Resources */ = {isa = PBXBuildFile; fileRef = C2FFF1402A965DF500F7F25F /* Preview Assets.xcassets */; };
		C2FFF1482A965EA900F7F25F /* ImagePicker.swift in Sources */ = {isa = PBXBuildFile; fileRef = C2FFF1472A965EA900F7F25F /* ImagePicker.swift */; };
		C2FFF14A2A965FC800F7F25F /* SavePersonView.swift in Sources */ = {isa = PBXBuildFile; fileRef = C2FFF1492A965FC800F7F25F /* SavePersonView.swift */; };
		C2FFF14C2A9665CD00F7F25F /* Person.swift in Sources */ = {isa = PBXBuildFile; fileRef = C2FFF14B2A9665CD00F7F25F /* Person.swift */; };
		C2FFF14E2A96671300F7F25F /* FileManager-DocumentsDirectory.swift in Sources */ = {isa = PBXBuildFile; fileRef = C2FFF14D2A96671300F7F25F /* FileManager-DocumentsDirectory.swift */; };
		C2FFF1502A966A4C00F7F25F /* AsUIImage.swift in Sources */ = {isa = PBXBuildFile; fileRef = C2FFF14F2A966A4C00F7F25F /* AsUIImage.swift */; };
		C2FFF1522A974B5E00F7F25F /* DetailView.swift in Sources */ = {isa = PBXBuildFile; fileRef = C2FFF1512A974B5E00F7F25F /* DetailView.swift */; };
/* End PBXBuildFile section */

/* Begin PBXFileReference section */
		C2FFF1362A965DF300F7F25F /* NameRemember.app */ = {isa = PBXFileReference; explicitFileType = wrapper.application; includeInIndex = 0; path = NameRemember.app; sourceTree = BUILT_PRODUCTS_DIR; };
		C2FFF1392A965DF300F7F25F /* NameRememberApp.swift */ = {isa = PBXFileReference; lastKnownFileType = sourcecode.swift; path = NameRememberApp.swift; sourceTree = "<group>"; };
		C2FFF13B2A965DF300F7F25F /* ContentView.swift */ = {isa = PBXFileReference; lastKnownFileType = sourcecode.swift; path = ContentView.swift; sourceTree = "<group>"; };
		C2FFF13D2A965DF500F7F25F /* Assets.xcassets */ = {isa = PBXFileReference; lastKnownFileType = folder.assetcatalog; path = Assets.xcassets; sourceTree = "<group>"; };
		C2FFF1402A965DF500F7F25F /* Preview Assets.xcassets */ = {isa = PBXFileReference; lastKnownFileType = folder.assetcatalog; path = "Preview Assets.xcassets"; sourceTree = "<group>"; };
		C2FFF1472A965EA900F7F25F /* ImagePicker.swift */ = {isa = PBXFileReference; lastKnownFileType = sourcecode.swift; path = ImagePicker.swift; sourceTree = "<group>"; };
		C2FFF1492A965FC800F7F25F /* SavePersonView.swift */ = {isa = PBXFileReference; lastKnownFileType = sourcecode.swift; path = SavePersonView.swift; sourceTree = "<group>"; };
		C2FFF14B2A9665CD00F7F25F /* Person.swift */ = {isa = PBXFileReference; lastKnownFileType = sourcecode.swift; path = Person.swift; sourceTree = "<group>"; };
		C2FFF14D2A96671300F7F25F /* FileManager-DocumentsDirectory.swift */ = {isa = PBXFileReference; lastKnownFileType = sourcecode.swift; path = "FileManager-DocumentsDirectory.swift"; sourceTree = "<group>"; };
		C2FFF14F2A966A4C00F7F25F /* AsUIImage.swift */ = {isa = PBXFileReference; lastKnownFileType = sourcecode.swift; path = AsUIImage.swift; sourceTree = "<group>"; };
		C2FFF1512A974B5E00F7F25F /* DetailView.swift */ = {isa = PBXFileReference; lastKnownFileType = sourcecode.swift; path = DetailView.swift; sourceTree = "<group>"; };
/* End PBXFileReference section */

/* Begin PBXFrameworksBuildPhase section */
		C2FFF1332A965DF300F7F25F /* Frameworks */ = {
			isa = PBXFrameworksBuildPhase;
			buildActionMask = 2147483647;
			files = (
			);
			runOnlyForDeploymentPostprocessing = 0;
		};
/* End PBXFrameworksBuildPhase section */

/* Begin PBXGroup section */
		C2FFF12D2A965DF300F7F25F = {
			isa = PBXGroup;
			children = (
				C2FFF1512A974B5E00F7F25F /* DetailView.swift */,
				C2FFF14F2A966A4C00F7F25F /* AsUIImage.swift */,
				C2FFF14B2A9665CD00F7F25F /* Person.swift */,
				C2FFF14D2A96671300F7F25F /* FileManager-DocumentsDirectory.swift */,
				C2FFF1382A965DF300F7F25F /* NameRemember */,
				C2FFF1372A965DF300F7F25F /* Products */,
			);
			sourceTree = "<group>";
		};
		C2FFF1372A965DF300F7F25F /* Products */ = {
			isa = PBXGroup;
			children = (
				C2FFF1362A965DF300F7F25F /* NameRemember.app */,
			);
			name = Products;
			sourceTree = "<group>";
		};
		C2FFF1382A965DF300F7F25F /* NameRemember */ = {
			isa = PBXGroup;
			children = (
				C2FFF1392A965DF300F7F25F /* NameRememberApp.swift */,
				C2FFF13B2A965DF300F7F25F /* ContentView.swift */,
				C2FFF1492A965FC800F7F25F /* SavePersonView.swift */,
				C2FFF1472A965EA900F7F25F /* ImagePicker.swift */,
				C2FFF13D2A965DF500F7F25F /* Assets.xcassets */,
				C2FFF13F2A965DF500F7F25F /* Preview Content */,
			);
			path = NameRemember;
			sourceTree = "<group>";
		};
		C2FFF13F2A965DF500F7F25F /* Preview Content */ = {
			isa = PBXGroup;
			children = (
				C2FFF1402A965DF500F7F25F /* Preview Assets.xcassets */,
			);
			path = "Preview Content";
			sourceTree = "<group>";
		};
/* End PBXGroup section */

/* Begin PBXNativeTarget section */
		C2FFF1352A965DF300F7F25F /* NameRemember */ = {
			isa = PBXNativeTarget;
			buildConfigurationList = C2FFF1442A965DF500F7F25F /* Build configuration list for PBXNativeTarget "NameRemember" */;
			buildPhases = (
				C2FFF1322A965DF300F7F25F /* Sources */,
				C2FFF1332A965DF300F7F25F /* Frameworks */,
				C2FFF1342A965DF300F7F25F /* Resources */,
			);
			buildRules = (
			);
			dependencies = (
			);
			name = NameRemember;
			productName = NameRemember;
			productReference = C2FFF1362A965DF300F7F25F /* NameRemember.app */;
			productType = "com.apple.product-type.application";
		};
/* End PBXNativeTarget section */

/* Begin PBXProject section */
		C2FFF12E2A965DF300F7F25F /* Project object */ = {
			isa = PBXProject;
			attributes = {
				BuildIndependentTargetsInParallel = 1;
				LastSwiftUpdateCheck = 1430;
				LastUpgradeCheck = 1430;
				TargetAttributes = {
					C2FFF1352A965DF300F7F25F = {
						CreatedOnToolsVersion = 14.3.1;
					};
				};
			};
			buildConfigurationList = C2FFF1312A965DF300F7F25F /* Build configuration list for PBXProject "NameRemember" */;
			compatibilityVersion = "Xcode 14.0";
			developmentRegion = en;
			hasScannedForEncodings = 0;
			knownRegions = (
				en,
				Base,
			);
			mainGroup = C2FFF12D2A965DF300F7F25F;
			productRefGroup = C2FFF1372A965DF300F7F25F /* Products */;
			projectDirPath = "";
			projectRoot = "";
			targets = (
				C2FFF1352A965DF300F7F25F /* NameRemember */,
			);
		};
/* End PBXProject section */

/* Begin PBXResourcesBuildPhase section */
		C2FFF1342A965DF300F7F25F /* Resources */ = {
			isa = PBXResourcesBuildPhase;
			buildActionMask = 2147483647;
			files = (
				C2FFF1412A965DF500F7F25F /* Preview Assets.xcassets in Resources */,
				C2FFF13E2A965DF500F7F25F /* Assets.xcassets in Resources */,
			);
			runOnlyForDeploymentPostprocessing = 0;
		};
/* End PBXResourcesBuildPhase section */

/* Begin PBXSourcesBuildPhase section */
		C2FFF1322A965DF300F7F25F /* Sources */ = {
			isa = PBXSourcesBuildPhase;
			buildActionMask = 2147483647;
			files = (
				C2FFF14E2A96671300F7F25F /* FileManager-DocumentsDirectory.swift in Sources */,
				C2FFF1522A974B5E00F7F25F /* DetailView.swift in Sources */,
				C2FFF1502A966A4C00F7F25F /* AsUIImage.swift in Sources */,
				C2FFF14C2A9665CD00F7F25F /* Person.swift in Sources */,
				C2FFF1482A965EA900F7F25F /* ImagePicker.swift in Sources */,
				C2FFF14A2A965FC800F7F25F /* SavePersonView.swift in Sources */,
				C2FFF13C2A965DF300F7F25F /* ContentView.swift in Sources */,
				C2FFF13A2A965DF300F7F25F /* NameRememberApp.swift in Sources */,
			);
			runOnlyForDeploymentPostprocessing = 0;
		};
/* End PBXSourcesBuildPhase section */

/* Begin XCBuildConfiguration section */
		C2FFF1422A965DF500F7F25F /* Debug */ = {
			isa = XCBuildConfiguration;
			buildSettings = {
				ALWAYS_SEARCH_USER_PATHS = NO;
				CLANG_ANALYZER_NONNULL = YES;
				CLANG_ANALYZER_NUMBER_OBJECT_CONVERSION = YES_AGGRESSIVE;
				CLANG_CXX_LANGUAGE_STANDARD = "gnu++20";
				CLANG_ENABLE_MODULES = YES;
				CLANG_ENABLE_OBJC_ARC = YES;
				CLANG_ENABLE_OBJC_WEAK = YES;
				CLANG_WARN_BLOCK_CAPTURE_AUTORELEASING = YES;
				CLANG_WARN_BOOL_CONVERSION = YES;
				CLANG_WARN_COMMA = YES;
				CLANG_WARN_CONSTANT_CONVERSION = YES;
				CLANG_WARN_DEPRECATED_OBJC_IMPLEMENTATIONS = YES;
				CLANG_WARN_DIRECT_OBJC_ISA_USAGE = YES_ERROR;
				CLANG_WARN_DOCUMENTATION_COMMENTS = YES;
				CLANG_WARN_EMPTY_BODY = YES;
				CLANG_WARN_ENUM_CONVERSION = YES;
				CLANG_WARN_INFINITE_RECURSION = YES;
				CLANG_WARN_INT_CONVERSION = YES;
				CLANG_WARN_NON_LITERAL_NULL_CONVERSION = YES;
				CLANG_WARN_OBJC_IMPLICIT_RETAIN_SELF = YES;
				CLANG_WARN_OBJC_LITERAL_CONVERSION = YES;
				CLANG_WARN_OBJC_ROOT_CLASS = YES_ERROR;
				CLANG_WARN_QUOTED_INCLUDE_IN_FRAMEWORK_HEADER = YES;
				CLANG_WARN_RANGE_LOOP_ANALYSIS = YES;
				CLANG_WARN_STRICT_PROTOTYPES = YES;
				CLANG_WARN_SUSPICIOUS_MOVE = YES;
				CLANG_WARN_UNGUARDED_AVAILABILITY = YES_AGGRESSIVE;
				CLANG_WARN_UNREACHABLE_CODE = YES;
				CLANG_WARN__DUPLICATE_METHOD_MATCH = YES;
				COPY_PHASE_STRIP = NO;
				DEBUG_INFORMATION_FORMAT = dwarf;
				ENABLE_STRICT_OBJC_MSGSEND = YES;
				ENABLE_TESTABILITY = YES;
				GCC_C_LANGUAGE_STANDARD = gnu11;
				GCC_DYNAMIC_NO_PIC = NO;
				GCC_NO_COMMON_BLOCKS = YES;
				GCC_OPTIMIZATION_LEVEL = 0;
				GCC_PREPROCESSOR_DEFINITIONS = (
					"DEBUG=1",
					"$(inherited)",
				);
				GCC_WARN_64_TO_32_BIT_CONVERSION = YES;
				GCC_WARN_ABOUT_RETURN_TYPE = YES_ERROR;
				GCC_WARN_UNDECLARED_SELECTOR = YES;
				GCC_WARN_UNINITIALIZED_AUTOS = YES_AGGRESSIVE;
				GCC_WARN_UNUSED_FUNCTION = YES;
				GCC_WARN_UNUSED_VARIABLE = YES;
				IPHONEOS_DEPLOYMENT_TARGET = 16.4;
				MTL_ENABLE_DEBUG_INFO = INCLUDE_SOURCE;
				MTL_FAST_MATH = YES;
				ONLY_ACTIVE_ARCH = YES;
				SDKROOT = iphoneos;
				SWIFT_ACTIVE_COMPILATION_CONDITIONS = DEBUG;
				SWIFT_OPTIMIZATION_LEVEL = "-Onone";
			};
			name = Debug;
		};
		C2FFF1432A965DF500F7F25F /* Release */ = {
			isa = XCBuildConfiguration;
			buildSettings = {
				ALWAYS_SEARCH_USER_PATHS = NO;
				CLANG_ANALYZER_NONNULL = YES;
				CLANG_ANALYZER_NUMBER_OBJECT_CONVERSION = YES_AGGRESSIVE;
				CLANG_CXX_LANGUAGE_STANDARD = "gnu++20";
				CLANG_ENABLE_MODULES = YES;
				CLANG_ENABLE_OBJC_ARC = YES;
				CLANG_ENABLE_OBJC_WEAK = YES;
				CLANG_WARN_BLOCK_CAPTURE_AUTORELEASING = YES;
				CLANG_WARN_BOOL_CONVERSION = YES;
				CLANG_WARN_COMMA = YES;
				CLANG_WARN_CONSTANT_CONVERSION = YES;
				CLANG_WARN_DEPRECATED_OBJC_IMPLEMENTATIONS = YES;
				CLANG_WARN_DIRECT_OBJC_ISA_USAGE = YES_ERROR;
				CLANG_WARN_DOCUMENTATION_COMMENTS = YES;
				CLANG_WARN_EMPTY_BODY = YES;
				CLANG_WARN_ENUM_CONVERSION = YES;
				CLANG_WARN_INFINITE_RECURSION = YES;
				CLANG_WARN_INT_CONVERSION = YES;
				CLANG_WARN_NON_LITERAL_NULL_CONVERSION = YES;
				CLANG_WARN_OBJC_IMPLICIT_RETAIN_SELF = YES;
				CLANG_WARN_OBJC_LITERAL_CONVERSION = YES;
				CLANG_WARN_OBJC_ROOT_CLASS = YES_ERROR;
				CLANG_WARN_QUOTED_INCLUDE_IN_FRAMEWORK_HEADER = YES;
				CLANG_WARN_RANGE_LOOP_ANALYSIS = YES;
				CLANG_WARN_STRICT_PROTOTYPES = YES;
				CLANG_WARN_SUSPICIOUS_MOVE = YES;
				CLANG_WARN_UNGUARDED_AVAILABILITY = YES_AGGRESSIVE;
				CLANG_WARN_UNREACHABLE_CODE = YES;
				CLANG_WARN__DUPLICATE_METHOD_MATCH = YES;
				COPY_PHASE_STRIP = NO;
				DEBUG_INFORMATION_FORMAT = "dwarf-with-dsym";
				ENABLE_NS_ASSERTIONS = NO;
				ENABLE_STRICT_OBJC_MSGSEND = YES;
				GCC_C_LANGUAGE_STANDARD = gnu11;
				GCC_NO_COMMON_BLOCKS = YES;
				GCC_WARN_64_TO_32_BIT_CONVERSION = YES;
				GCC_WARN_ABOUT_RETURN_TYPE = YES_ERROR;
				GCC_WARN_UNDECLARED_SELECTOR = YES;
				GCC_WARN_UNINITIALIZED_AUTOS = YES_AGGRESSIVE;
				GCC_WARN_UNUSED_FUNCTION = YES;
				GCC_WARN_UNUSED_VARIABLE = YES;
				IPHONEOS_DEPLOYMENT_TARGET = 16.4;
				MTL_ENABLE_DEBUG_INFO = NO;
				MTL_FAST_MATH = YES;
				SDKROOT = iphoneos;
				SWIFT_COMPILATION_MODE = wholemodule;
				SWIFT_OPTIMIZATION_LEVEL = "-O";
				VALIDATE_PRODUCT = YES;
			};
			name = Release;
		};
		C2FFF1452A965DF500F7F25F /* Debug */ = {
			isa = XCBuildConfiguration;
			buildSettings = {
				ASSETCATALOG_COMPILER_APPICON_NAME = AppIcon;
				ASSETCATALOG_COMPILER_GLOBAL_ACCENT_COLOR_NAME = AccentColor;
				CODE_SIGN_STYLE = Automatic;
				CURRENT_PROJECT_VERSION = 1;
				DEVELOPMENT_ASSET_PATHS = "\"NameRemember/Preview Content\"";
				ENABLE_PREVIEWS = YES;
				GENERATE_INFOPLIST_FILE = YES;
				INFOPLIST_KEY_UIApplicationSceneManifest_Generation = YES;
				INFOPLIST_KEY_UIApplicationSupportsIndirectInputEvents = YES;
				INFOPLIST_KEY_UILaunchScreen_Generation = YES;
				INFOPLIST_KEY_UISupportedInterfaceOrientations_iPad = "UIInterfaceOrientationPortrait UIInterfaceOrientationPortraitUpsideDown UIInterfaceOrientationLandscapeLeft UIInterfaceOrientationLandscapeRight";
				INFOPLIST_KEY_UISupportedInterfaceOrientations_iPhone = "UIInterfaceOrientationPortrait UIInterfaceOrientationLandscapeLeft UIInterfaceOrientationLandscapeRight";
				LD_RUNPATH_SEARCH_PATHS = (
					"$(inherited)",
					"@executable_path/Frameworks",
				);
				MARKETING_VERSION = 1.0;
				PRODUCT_BUNDLE_IDENTIFIER = me.kupresak.matej.NameRemember;
				PRODUCT_NAME = "$(TARGET_NAME)";
				SWIFT_EMIT_LOC_STRINGS = YES;
				SWIFT_VERSION = 5.0;
				TARGETED_DEVICE_FAMILY = "1,2";
			};
			name = Debug;
		};
		C2FFF1462A965DF500F7F25F /* Release */ = {
			isa = XCBuildConfiguration;
			buildSettings = {
				ASSETCATALOG_COMPILER_APPICON_NAME = AppIcon;
				ASSETCATALOG_COMPILER_GLOBAL_ACCENT_COLOR_NAME = AccentColor;
				CODE_SIGN_STYLE = Automatic;
				CURRENT_PROJECT_VERSION = 1;
				DEVELOPMENT_ASSET_PATHS = "\"NameRemember/Preview Content\"";
				ENABLE_PREVIEWS = YES;
				GENERATE_INFOPLIST_FILE = YES;
				INFOPLIST_KEY_UIApplicationSceneManifest_Generation = YES;
				INFOPLIST_KEY_UIApplicationSupportsIndirectInputEvents = YES;
				INFOPLIST_KEY_UILaunchScreen_Generation = YES;
				INFOPLIST_KEY_UISupportedInterfaceOrientations_iPad = "UIInterfaceOrientationPortrait UIInterfaceOrientationPortraitUpsideDown UIInterfaceOrientationLandscapeLeft UIInterfaceOrientationLandscapeRight";
				INFOPLIST_KEY_UISupportedInterfaceOrientations_iPhone = "UIInterfaceOrientationPortrait UIInterfaceOrientationLandscapeLeft UIInterfaceOrientationLandscapeRight";
				LD_RUNPATH_SEARCH_PATHS = (
					"$(inherited)",
					"@executable_path/Frameworks",
				);
				MARKETING_VERSION = 1.0;
				PRODUCT_BUNDLE_IDENTIFIER = me.kupresak.matej.NameRemember;
				PRODUCT_NAME = "$(TARGET_NAME)";
				SWIFT_EMIT_LOC_STRINGS = YES;
				SWIFT_VERSION = 5.0;
				TARGETED_DEVICE_FAMILY = "1,2";
			};
			name = Release;
		};
/* End XCBuildConfiguration section */

/* Begin XCConfigurationList section */
		C2FFF1312A965DF300F7F25F /* Build configuration list for PBXProject "NameRemember" */ = {
			isa = XCConfigurationList;
			buildConfigurations = (
				C2FFF1422A965DF500F7F25F /* Debug */,
				C2FFF1432A965DF500F7F25F /* Release */,
			);
			defaultConfigurationIsVisible = 0;
			defaultConfigurationName = Release;
		};
		C2FFF1442A965DF500F7F25F /* Build configuration list for PBXNativeTarget "NameRemember" */ = {
			isa = XCConfigurationList;
			buildConfigurations = (
				C2FFF1452A965DF500F7F25F /* Debug */,
				C2FFF1462A965DF500F7F25F /* Release */,
			);
			defaultConfigurationIsVisible = 0;
			defaultConfigurationName = Release;
		};
/* End XCConfigurationList section */
	};
	rootObject = C2FFF12E2A965DF300F7F25F /* Project object */;
}
