// !$*UTF8*$!
{
	archiveVersion = 1;
	classes = {
	};
	objectVersion = 56;
	objects = {

/* Begin PBXBuildFile section */
		C2FFF2102AA9AF4200F7F25F /* AppDelegate.swift in Sources */ = {isa = PBXBuildFile; fileRef = C2FFF20F2AA9AF4200F7F25F /* AppDelegate.swift */; };
		C2FFF2122AA9AF4200F7F25F /* SceneDelegate.swift in Sources */ = {isa = PBXBuildFile; fileRef = C2FFF2112AA9AF4200F7F25F /* SceneDelegate.swift */; };
		C2FFF2142AA9AF4200F7F25F /* ViewController.swift in Sources */ = {isa = PBXBuildFile; fileRef = C2FFF2132AA9AF4200F7F25F /* ViewController.swift */; };
		C2FFF2172AA9AF4200F7F25F /* Main.storyboard in Resources */ = {isa = PBXBuildFile; fileRef = C2FFF2152AA9AF4200F7F25F /* Main.storyboard */; };
		C2FFF2192AA9AF4500F7F25F /* Assets.xcassets in Resources */ = {isa = PBXBuildFile; fileRef = C2FFF2182AA9AF4500F7F25F /* Assets.xcassets */; };
		C2FFF21C2AA9AF4500F7F25F /* LaunchScreen.storyboard in Resources */ = {isa = PBXBuildFile; fileRef = C2FFF21A2AA9AF4500F7F25F /* LaunchScreen.storyboard */; };
		C2FFF22E2AA9B0C600F7F25F /* nssl0049.jpg in Resources */ = {isa = PBXBuildFile; fileRef = C2FFF2242AA9B0C600F7F25F /* nssl0049.jpg */; };
		C2FFF22F2AA9B0C600F7F25F /* nssl0046.jpg in Resources */ = {isa = PBXBuildFile; fileRef = C2FFF2252AA9B0C600F7F25F /* nssl0046.jpg */; };
		C2FFF2302AA9B0C600F7F25F /* nssl0091.jpg in Resources */ = {isa = PBXBuildFile; fileRef = C2FFF2262AA9B0C600F7F25F /* nssl0091.jpg */; };
		C2FFF2312AA9B0C600F7F25F /* nssl0045.jpg in Resources */ = {isa = PBXBuildFile; fileRef = C2FFF2272AA9B0C600F7F25F /* nssl0045.jpg */; };
		C2FFF2322AA9B0C600F7F25F /* nssl0051.jpg in Resources */ = {isa = PBXBuildFile; fileRef = C2FFF2282AA9B0C600F7F25F /* nssl0051.jpg */; };
		C2FFF2332AA9B0C600F7F25F /* nssl0041.jpg in Resources */ = {isa = PBXBuildFile; fileRef = C2FFF2292AA9B0C600F7F25F /* nssl0041.jpg */; };
		C2FFF2342AA9B0C600F7F25F /* nssl0042.jpg in Resources */ = {isa = PBXBuildFile; fileRef = C2FFF22A2AA9B0C600F7F25F /* nssl0042.jpg */; };
		C2FFF2352AA9B0C600F7F25F /* nssl0043.jpg in Resources */ = {isa = PBXBuildFile; fileRef = C2FFF22B2AA9B0C600F7F25F /* nssl0043.jpg */; };
		C2FFF2362AA9B0C600F7F25F /* nssl0033.jpg in Resources */ = {isa = PBXBuildFile; fileRef = C2FFF22C2AA9B0C600F7F25F /* nssl0033.jpg */; };
		C2FFF2372AA9B0C600F7F25F /* nssl0034.jpg in Resources */ = {isa = PBXBuildFile; fileRef = C2FFF22D2AA9B0C600F7F25F /* nssl0034.jpg */; };
		C2FFF2392AA9B7FF00F7F25F /* DetailViewController.swift in Sources */ = {isa = PBXBuildFile; fileRef = C2FFF2382AA9B7FF00F7F25F /* DetailViewController.swift */; };
/* End PBXBuildFile section */

/* Begin PBXFileReference section */
		C2FFF20C2AA9AF4200F7F25F /* StormViewer.app */ = {isa = PBXFileReference; explicitFileType = wrapper.application; includeInIndex = 0; path = StormViewer.app; sourceTree = BUILT_PRODUCTS_DIR; };
		C2FFF20F2AA9AF4200F7F25F /* AppDelegate.swift */ = {isa = PBXFileReference; lastKnownFileType = sourcecode.swift; path = AppDelegate.swift; sourceTree = "<group>"; };
		C2FFF2112AA9AF4200F7F25F /* SceneDelegate.swift */ = {isa = PBXFileReference; lastKnownFileType = sourcecode.swift; path = SceneDelegate.swift; sourceTree = "<group>"; };
		C2FFF2132AA9AF4200F7F25F /* ViewController.swift */ = {isa = PBXFileReference; lastKnownFileType = sourcecode.swift; path = ViewController.swift; sourceTree = "<group>"; };
		C2FFF2162AA9AF4200F7F25F /* Base */ = {isa = PBXFileReference; lastKnownFileType = file.storyboard; name = Base; path = Base.lproj/Main.storyboard; sourceTree = "<group>"; };
		C2FFF2182AA9AF4500F7F25F /* Assets.xcassets */ = {isa = PBXFileReference; lastKnownFileType = folder.assetcatalog; path = Assets.xcassets; sourceTree = "<group>"; };
		C2FFF21B2AA9AF4500F7F25F /* Base */ = {isa = PBXFileReference; lastKnownFileType = file.storyboard; name = Base; path = Base.lproj/LaunchScreen.storyboard; sourceTree = "<group>"; };
		C2FFF21D2AA9AF4500F7F25F /* Info.plist */ = {isa = PBXFileReference; lastKnownFileType = text.plist.xml; path = Info.plist; sourceTree = "<group>"; };
		C2FFF2242AA9B0C600F7F25F /* nssl0049.jpg */ = {isa = PBXFileReference; lastKnownFileType = image.jpeg; path = nssl0049.jpg; sourceTree = "<group>"; };
		C2FFF2252AA9B0C600F7F25F /* nssl0046.jpg */ = {isa = PBXFileReference; lastKnownFileType = image.jpeg; path = nssl0046.jpg; sourceTree = "<group>"; };
		C2FFF2262AA9B0C600F7F25F /* nssl0091.jpg */ = {isa = PBXFileReference; lastKnownFileType = image.jpeg; path = nssl0091.jpg; sourceTree = "<group>"; };
		C2FFF2272AA9B0C600F7F25F /* nssl0045.jpg */ = {isa = PBXFileReference; lastKnownFileType = image.jpeg; path = nssl0045.jpg; sourceTree = "<group>"; };
		C2FFF2282AA9B0C600F7F25F /* nssl0051.jpg */ = {isa = PBXFileReference; lastKnownFileType = image.jpeg; path = nssl0051.jpg; sourceTree = "<group>"; };
		C2FFF2292AA9B0C600F7F25F /* nssl0041.jpg */ = {isa = PBXFileReference; lastKnownFileType = image.jpeg; path = nssl0041.jpg; sourceTree = "<group>"; };
		C2FFF22A2AA9B0C600F7F25F /* nssl0042.jpg */ = {isa = PBXFileReference; lastKnownFileType = image.jpeg; path = nssl0042.jpg; sourceTree = "<group>"; };
		C2FFF22B2AA9B0C600F7F25F /* nssl0043.jpg */ = {isa = PBXFileReference; lastKnownFileType = image.jpeg; path = nssl0043.jpg; sourceTree = "<group>"; };
		C2FFF22C2AA9B0C600F7F25F /* nssl0033.jpg */ = {isa = PBXFileReference; lastKnownFileType = image.jpeg; path = nssl0033.jpg; sourceTree = "<group>"; };
		C2FFF22D2AA9B0C600F7F25F /* nssl0034.jpg */ = {isa = PBXFileReference; lastKnownFileType = image.jpeg; path = nssl0034.jpg; sourceTree = "<group>"; };
		C2FFF2382AA9B7FF00F7F25F /* DetailViewController.swift */ = {isa = PBXFileReference; lastKnownFileType = sourcecode.swift; path = DetailViewController.swift; sourceTree = "<group>"; };
/* End PBXFileReference section */

/* Begin PBXFrameworksBuildPhase section */
		C2FFF2092AA9AF4200F7F25F /* Frameworks */ = {
			isa = PBXFrameworksBuildPhase;
			buildActionMask = 2147483647;
			files = (
			);
			runOnlyForDeploymentPostprocessing = 0;
		};
/* End PBXFrameworksBuildPhase section */

/* Begin PBXGroup section */
		C2FFF2032AA9AF4200F7F25F = {
			isa = PBXGroup;
			children = (
				C2FFF20E2AA9AF4200F7F25F /* StormViewer */,
				C2FFF20D2AA9AF4200F7F25F /* Products */,
			);
			sourceTree = "<group>";
		};
		C2FFF20D2AA9AF4200F7F25F /* Products */ = {
			isa = PBXGroup;
			children = (
				C2FFF20C2AA9AF4200F7F25F /* StormViewer.app */,
			);
			name = Products;
			sourceTree = "<group>";
		};
		C2FFF20E2AA9AF4200F7F25F /* StormViewer */ = {
			isa = PBXGroup;
			children = (
				C2FFF20F2AA9AF4200F7F25F /* AppDelegate.swift */,
				C2FFF2112AA9AF4200F7F25F /* SceneDelegate.swift */,
				C2FFF2132AA9AF4200F7F25F /* ViewController.swift */,
				C2FFF2382AA9B7FF00F7F25F /* DetailViewController.swift */,
				C2FFF2152AA9AF4200F7F25F /* Main.storyboard */,
				C2FFF2182AA9AF4500F7F25F /* Assets.xcassets */,
				C2FFF21A2AA9AF4500F7F25F /* LaunchScreen.storyboard */,
				C2FFF21D2AA9AF4500F7F25F /* Info.plist */,
				C2FFF2232AA9B0C600F7F25F /* Content */,
			);
			path = StormViewer;
			sourceTree = "<group>";
		};
		C2FFF2232AA9B0C600F7F25F /* Content */ = {
			isa = PBXGroup;
			children = (
				C2FFF2242AA9B0C600F7F25F /* nssl0049.jpg */,
				C2FFF2252AA9B0C600F7F25F /* nssl0046.jpg */,
				C2FFF2262AA9B0C600F7F25F /* nssl0091.jpg */,
				C2FFF2272AA9B0C600F7F25F /* nssl0045.jpg */,
				C2FFF2282AA9B0C600F7F25F /* nssl0051.jpg */,
				C2FFF2292AA9B0C600F7F25F /* nssl0041.jpg */,
				C2FFF22A2AA9B0C600F7F25F /* nssl0042.jpg */,
				C2FFF22B2AA9B0C600F7F25F /* nssl0043.jpg */,
				C2FFF22C2AA9B0C600F7F25F /* nssl0033.jpg */,
				C2FFF22D2AA9B0C600F7F25F /* nssl0034.jpg */,
			);
			path = Content;
			sourceTree = "<group>";
		};
/* End PBXGroup section */

/* Begin PBXNativeTarget section */
		C2FFF20B2AA9AF4200F7F25F /* StormViewer */ = {
			isa = PBXNativeTarget;
			buildConfigurationList = C2FFF2202AA9AF4500F7F25F /* Build configuration list for PBXNativeTarget "StormViewer" */;
			buildPhases = (
				C2FFF2082AA9AF4200F7F25F /* Sources */,
				C2FFF2092AA9AF4200F7F25F /* Frameworks */,
				C2FFF20A2AA9AF4200F7F25F /* Resources */,
			);
			buildRules = (
			);
			dependencies = (
			);
			name = StormViewer;
			productName = StormViewer;
			productReference = C2FFF20C2AA9AF4200F7F25F /* StormViewer.app */;
			productType = "com.apple.product-type.application";
		};
/* End PBXNativeTarget section */

/* Begin PBXProject section */
		C2FFF2042AA9AF4200F7F25F /* Project object */ = {
			isa = PBXProject;
			attributes = {
				BuildIndependentTargetsInParallel = 1;
				LastSwiftUpdateCheck = 1430;
				LastUpgradeCheck = 1430;
				TargetAttributes = {
					C2FFF20B2AA9AF4200F7F25F = {
						CreatedOnToolsVersion = 14.3.1;
					};
				};
			};
			buildConfigurationList = C2FFF2072AA9AF4200F7F25F /* Build configuration list for PBXProject "StormViewer" */;
			compatibilityVersion = "Xcode 14.0";
			developmentRegion = en;
			hasScannedForEncodings = 0;
			knownRegions = (
				en,
				Base,
			);
			mainGroup = C2FFF2032AA9AF4200F7F25F;
			productRefGroup = C2FFF20D2AA9AF4200F7F25F /* Products */;
			projectDirPath = "";
			projectRoot = "";
			targets = (
				C2FFF20B2AA9AF4200F7F25F /* StormViewer */,
			);
		};
/* End PBXProject section */

/* Begin PBXResourcesBuildPhase section */
		C2FFF20A2AA9AF4200F7F25F /* Resources */ = {
			isa = PBXResourcesBuildPhase;
			buildActionMask = 2147483647;
			files = (
				C2FFF22F2AA9B0C600F7F25F /* nssl0046.jpg in Resources */,
				C2FFF2362AA9B0C600F7F25F /* nssl0033.jpg in Resources */,
				C2FFF2322AA9B0C600F7F25F /* nssl0051.jpg in Resources */,
				C2FFF2302AA9B0C600F7F25F /* nssl0091.jpg in Resources */,
				C2FFF2352AA9B0C600F7F25F /* nssl0043.jpg in Resources */,
				C2FFF2372AA9B0C600F7F25F /* nssl0034.jpg in Resources */,
				C2FFF22E2AA9B0C600F7F25F /* nssl0049.jpg in Resources */,
				C2FFF2332AA9B0C600F7F25F /* nssl0041.jpg in Resources */,
				C2FFF2342AA9B0C600F7F25F /* nssl0042.jpg in Resources */,
				C2FFF21C2AA9AF4500F7F25F /* LaunchScreen.storyboard in Resources */,
				C2FFF2192AA9AF4500F7F25F /* Assets.xcassets in Resources */,
				C2FFF2312AA9B0C600F7F25F /* nssl0045.jpg in Resources */,
				C2FFF2172AA9AF4200F7F25F /* Main.storyboard in Resources */,
			);
			runOnlyForDeploymentPostprocessing = 0;
		};
/* End PBXResourcesBuildPhase section */

/* Begin PBXSourcesBuildPhase section */
		C2FFF2082AA9AF4200F7F25F /* Sources */ = {
			isa = PBXSourcesBuildPhase;
			buildActionMask = 2147483647;
			files = (
				C2FFF2142AA9AF4200F7F25F /* ViewController.swift in Sources */,
				C2FFF2102AA9AF4200F7F25F /* AppDelegate.swift in Sources */,
				C2FFF2122AA9AF4200F7F25F /* SceneDelegate.swift in Sources */,
				C2FFF2392AA9B7FF00F7F25F /* DetailViewController.swift in Sources */,
			);
			runOnlyForDeploymentPostprocessing = 0;
		};
/* End PBXSourcesBuildPhase section */

/* Begin PBXVariantGroup section */
		C2FFF2152AA9AF4200F7F25F /* Main.storyboard */ = {
			isa = PBXVariantGroup;
			children = (
				C2FFF2162AA9AF4200F7F25F /* Base */,
			);
			name = Main.storyboard;
			sourceTree = "<group>";
		};
		C2FFF21A2AA9AF4500F7F25F /* LaunchScreen.storyboard */ = {
			isa = PBXVariantGroup;
			children = (
				C2FFF21B2AA9AF4500F7F25F /* Base */,
			);
			name = LaunchScreen.storyboard;
			sourceTree = "<group>";
		};
/* End PBXVariantGroup section */

/* Begin XCBuildConfiguration section */
		C2FFF21E2AA9AF4500F7F25F /* Debug */ = {
			isa = XCBuildConfiguration;
			buildSettings = {
				ALWAYS_SEARCH_USER_PATHS = NO;
				CLANG_ANALYZER_NONNULL = YES;
				CLANG_ANALYZER_NUMBER_OBJECT_CONVERSION = YES_AGGRESSIVE;
				CLANG_CXX_LANGUAGE_STANDARD = "gnu++20";
				CLANG_ENABLE_MODULES = YES;
				CLANG_ENABLE_OBJC_ARC = YES;
				CLANG_ENABLE_OBJC_WEAK = YES;
				CLANG_WARN_BLOCK_CAPTURE_AUTORELEASING = YES;
				CLANG_WARN_BOOL_CONVERSION = YES;
				CLANG_WARN_COMMA = YES;
				CLANG_WARN_CONSTANT_CONVERSION = YES;
				CLANG_WARN_DEPRECATED_OBJC_IMPLEMENTATIONS = YES;
				CLANG_WARN_DIRECT_OBJC_ISA_USAGE = YES_ERROR;
				CLANG_WARN_DOCUMENTATION_COMMENTS = YES;
				CLANG_WARN_EMPTY_BODY = YES;
				CLANG_WARN_ENUM_CONVERSION = YES;
				CLANG_WARN_INFINITE_RECURSION = YES;
				CLANG_WARN_INT_CONVERSION = YES;
				CLANG_WARN_NON_LITERAL_NULL_CONVERSION = YES;
				CLANG_WARN_OBJC_IMPLICIT_RETAIN_SELF = YES;
				CLANG_WARN_OBJC_LITERAL_CONVERSION = YES;
				CLANG_WARN_OBJC_ROOT_CLASS = YES_ERROR;
				CLANG_WARN_QUOTED_INCLUDE_IN_FRAMEWORK_HEADER = YES;
				CLANG_WARN_RANGE_LOOP_ANALYSIS = YES;
				CLANG_WARN_STRICT_PROTOTYPES = YES;
				CLANG_WARN_SUSPICIOUS_MOVE = YES;
				CLANG_WARN_UNGUARDED_AVAILABILITY = YES_AGGRESSIVE;
				CLANG_WARN_UNREACHABLE_CODE = YES;
				CLANG_WARN__DUPLICATE_METHOD_MATCH = YES;
				COPY_PHASE_STRIP = NO;
				DEBUG_INFORMATION_FORMAT = dwarf;
				ENABLE_STRICT_OBJC_MSGSEND = YES;
				ENABLE_TESTABILITY = YES;
				GCC_C_LANGUAGE_STANDARD = gnu11;
				GCC_DYNAMIC_NO_PIC = NO;
				GCC_NO_COMMON_BLOCKS = YES;
				GCC_OPTIMIZATION_LEVEL = 0;
				GCC_PREPROCESSOR_DEFINITIONS = (
					"DEBUG=1",
					"$(inherited)",
				);
				GCC_WARN_64_TO_32_BIT_CONVERSION = YES;
				GCC_WARN_ABOUT_RETURN_TYPE = YES_ERROR;
				GCC_WARN_UNDECLARED_SELECTOR = YES;
				GCC_WARN_UNINITIALIZED_AUTOS = YES_AGGRESSIVE;
				GCC_WARN_UNUSED_FUNCTION = YES;
				GCC_WARN_UNUSED_VARIABLE = YES;
				IPHONEOS_DEPLOYMENT_TARGET = 16.4;
				MTL_ENABLE_DEBUG_INFO = INCLUDE_SOURCE;
				MTL_FAST_MATH = YES;
				ONLY_ACTIVE_ARCH = YES;
				SDKROOT = iphoneos;
				SWIFT_ACTIVE_COMPILATION_CONDITIONS = DEBUG;
				SWIFT_OPTIMIZATION_LEVEL = "-Onone";
			};
			name = Debug;
		};
		C2FFF21F2AA9AF4500F7F25F /* Release */ = {
			isa = XCBuildConfiguration;
			buildSettings = {
				ALWAYS_SEARCH_USER_PATHS = NO;
				CLANG_ANALYZER_NONNULL = YES;
				CLANG_ANALYZER_NUMBER_OBJECT_CONVERSION = YES_AGGRESSIVE;
				CLANG_CXX_LANGUAGE_STANDARD = "gnu++20";
				CLANG_ENABLE_MODULES = YES;
				CLANG_ENABLE_OBJC_ARC = YES;
				CLANG_ENABLE_OBJC_WEAK = YES;
				CLANG_WARN_BLOCK_CAPTURE_AUTORELEASING = YES;
				CLANG_WARN_BOOL_CONVERSION = YES;
				CLANG_WARN_COMMA = YES;
				CLANG_WARN_CONSTANT_CONVERSION = YES;
				CLANG_WARN_DEPRECATED_OBJC_IMPLEMENTATIONS = YES;
				CLANG_WARN_DIRECT_OBJC_ISA_USAGE = YES_ERROR;
				CLANG_WARN_DOCUMENTATION_COMMENTS = YES;
				CLANG_WARN_EMPTY_BODY = YES;
				CLANG_WARN_ENUM_CONVERSION = YES;
				CLANG_WARN_INFINITE_RECURSION = YES;
				CLANG_WARN_INT_CONVERSION = YES;
				CLANG_WARN_NON_LITERAL_NULL_CONVERSION = YES;
				CLANG_WARN_OBJC_IMPLICIT_RETAIN_SELF = YES;
				CLANG_WARN_OBJC_LITERAL_CONVERSION = YES;
				CLANG_WARN_OBJC_ROOT_CLASS = YES_ERROR;
				CLANG_WARN_QUOTED_INCLUDE_IN_FRAMEWORK_HEADER = YES;
				CLANG_WARN_RANGE_LOOP_ANALYSIS = YES;
				CLANG_WARN_STRICT_PROTOTYPES = YES;
				CLANG_WARN_SUSPICIOUS_MOVE = YES;
				CLANG_WARN_UNGUARDED_AVAILABILITY = YES_AGGRESSIVE;
				CLANG_WARN_UNREACHABLE_CODE = YES;
				CLANG_WARN__DUPLICATE_METHOD_MATCH = YES;
				COPY_PHASE_STRIP = NO;
				DEBUG_INFORMATION_FORMAT = "dwarf-with-dsym";
				ENABLE_NS_ASSERTIONS = NO;
				ENABLE_STRICT_OBJC_MSGSEND = YES;
				GCC_C_LANGUAGE_STANDARD = gnu11;
				GCC_NO_COMMON_BLOCKS = YES;
				GCC_WARN_64_TO_32_BIT_CONVERSION = YES;
				GCC_WARN_ABOUT_RETURN_TYPE = YES_ERROR;
				GCC_WARN_UNDECLARED_SELECTOR = YES;
				GCC_WARN_UNINITIALIZED_AUTOS = YES_AGGRESSIVE;
				GCC_WARN_UNUSED_FUNCTION = YES;
				GCC_WARN_UNUSED_VARIABLE = YES;
				IPHONEOS_DEPLOYMENT_TARGET = 16.4;
				MTL_ENABLE_DEBUG_INFO = NO;
				MTL_FAST_MATH = YES;
				SDKROOT = iphoneos;
				SWIFT_COMPILATION_MODE = wholemodule;
				SWIFT_OPTIMIZATION_LEVEL = "-O";
				VALIDATE_PRODUCT = YES;
			};
			name = Release;
		};
		C2FFF2212AA9AF4500F7F25F /* Debug */ = {
			isa = XCBuildConfiguration;
			buildSettings = {
				ASSETCATALOG_COMPILER_APPICON_NAME = AppIcon;
				ASSETCATALOG_COMPILER_GLOBAL_ACCENT_COLOR_NAME = AccentColor;
				CODE_SIGN_STYLE = Automatic;
				CURRENT_PROJECT_VERSION = 1;
				GENERATE_INFOPLIST_FILE = YES;
				INFOPLIST_FILE = StormViewer/Info.plist;
				INFOPLIST_KEY_UIApplicationSupportsIndirectInputEvents = YES;
				INFOPLIST_KEY_UILaunchStoryboardName = LaunchScreen;
				INFOPLIST_KEY_UIMainStoryboardFile = Main;
				INFOPLIST_KEY_UISupportedInterfaceOrientations_iPad = "UIInterfaceOrientationPortrait UIInterfaceOrientationPortraitUpsideDown UIInterfaceOrientationLandscapeLeft UIInterfaceOrientationLandscapeRight";
				INFOPLIST_KEY_UISupportedInterfaceOrientations_iPhone = "UIInterfaceOrientationPortrait UIInterfaceOrientationLandscapeLeft UIInterfaceOrientationLandscapeRight";
				LD_RUNPATH_SEARCH_PATHS = (
					"$(inherited)",
					"@executable_path/Frameworks",
				);
				MARKETING_VERSION = 1.0;
				PRODUCT_BUNDLE_IDENTIFIER = me.kupresak.matej.StormViewer;
				PRODUCT_NAME = "$(TARGET_NAME)";
				SWIFT_EMIT_LOC_STRINGS = YES;
				SWIFT_VERSION = 5.0;
				TARGETED_DEVICE_FAMILY = "1,2";
			};
			name = Debug;
		};
		C2FFF2222AA9AF4500F7F25F /* Release */ = {
			isa = XCBuildConfiguration;
			buildSettings = {
				ASSETCATALOG_COMPILER_APPICON_NAME = AppIcon;
				ASSETCATALOG_COMPILER_GLOBAL_ACCENT_COLOR_NAME = AccentColor;
				CODE_SIGN_STYLE = Automatic;
				CURRENT_PROJECT_VERSION = 1;
				GENERATE_INFOPLIST_FILE = YES;
				INFOPLIST_FILE = StormViewer/Info.plist;
				INFOPLIST_KEY_UIApplicationSupportsIndirectInputEvents = YES;
				INFOPLIST_KEY_UILaunchStoryboardName = LaunchScreen;
				INFOPLIST_KEY_UIMainStoryboardFile = Main;
				INFOPLIST_KEY_UISupportedInterfaceOrientations_iPad = "UIInterfaceOrientationPortrait UIInterfaceOrientationPortraitUpsideDown UIInterfaceOrientationLandscapeLeft UIInterfaceOrientationLandscapeRight";
				INFOPLIST_KEY_UISupportedInterfaceOrientations_iPhone = "UIInterfaceOrientationPortrait UIInterfaceOrientationLandscapeLeft UIInterfaceOrientationLandscapeRight";
				LD_RUNPATH_SEARCH_PATHS = (
					"$(inherited)",
					"@executable_path/Frameworks",
				);
				MARKETING_VERSION = 1.0;
				PRODUCT_BUNDLE_IDENTIFIER = me.kupresak.matej.StormViewer;
				PRODUCT_NAME = "$(TARGET_NAME)";
				SWIFT_EMIT_LOC_STRINGS = YES;
				SWIFT_VERSION = 5.0;
				TARGETED_DEVICE_FAMILY = "1,2";
			};
			name = Release;
		};
/* End XCBuildConfiguration section */

/* Begin XCConfigurationList section */
		C2FFF2072AA9AF4200F7F25F /* Build configuration list for PBXProject "StormViewer" */ = {
			isa = XCConfigurationList;
			buildConfigurations = (
				C2FFF21E2AA9AF4500F7F25F /* Debug */,
				C2FFF21F2AA9AF4500F7F25F /* Release */,
			);
			defaultConfigurationIsVisible = 0;
			defaultConfigurationName = Release;
		};
		C2FFF2202AA9AF4500F7F25F /* Build configuration list for PBXNativeTarget "StormViewer" */ = {
			isa = XCConfigurationList;
			buildConfigurations = (
				C2FFF2212AA9AF4500F7F25F /* Debug */,
				C2FFF2222AA9AF4500F7F25F /* Release */,
			);
			defaultConfigurationIsVisible = 0;
			defaultConfigurationName = Release;
		};
/* End XCConfigurationList section */
	};
	rootObject = C2FFF2042AA9AF4200F7F25F /* Project object */;
}
